
Microsoft Visual Studio Solution File, Format Version 12.00
# Visual Studio 15
VisualStudioVersion = 15.0.27703.2035
MinimumVisualStudioVersion = 10.0.40219.1
Project("{FAE04EC0-301F-11D3-BF4B-00C04F79EFBC}") = "GetEdgesGraph", "GetEdgesGraph\GetEdgesGraph.csproj", "{9E4CE801-6E23-4B12-81B3-275A10CED74F}"
EndProject
Global
	GlobalSection(SolutionConfigurationPlatforms) = preSolution
		Debug|Any CPU = Debug|Any CPU
		Release|Any CPU = Release|Any CPU
	EndGlobalSection
	GlobalSection(ProjectConfigurationPlatforms) = postSolution
		{9E4CE801-6E23-4B12-81B3-275A10CED74F}.Debug|Any CPU.ActiveCfg = Debug|Any CPU
		{9E4CE801-6E23-4B12-81B3-275A10CED74F}.Debug|Any CPU.Build.0 = Debug|Any CPU
		{9E4CE801-6E23-4B12-81B3-275A10CED74F}.Release|Any CPU.ActiveCfg = Release|Any CPU
		{9E4CE801-6E23-4B12-81B3-275A10CED74F}.Release|Any CPU.Build.0 = Release|Any CPU
	EndGlobalSection
	GlobalSection(SolutionProperties) = preSolution
		HideSolutionNode = FALSE
	EndGlobalSection
	GlobalSection(ExtensibilityGlobals) = postSolution
		SolutionGuid = {0AF2D241-E859-4FED-A9F9-D74C419C1EAD}
	EndGlobalSection
EndGlobal
