
Microsoft Visual Studio Solution File, Format Version 12.00
# Visual Studio 15
VisualStudioVersion = 15.0.27703.2026
MinimumVisualStudioVersion = 10.0.40219.1
Project("{FAE04EC0-301F-11D3-BF4B-00C04F79EFBC}") = "Trees", "Trees\Trees.csproj", "{0FD228CE-1A21-4BFE-A992-790F1360A7CC}"
EndProject
Global
	GlobalSection(SolutionConfigurationPlatforms) = preSolution
		Debug|Any CPU = Debug|Any CPU
		Release|Any CPU = Release|Any CPU
	EndGlobalSection
	GlobalSection(ProjectConfigurationPlatforms) = postSolution
		{0FD228CE-1A21-4BFE-A992-790F1360A7CC}.Debug|Any CPU.ActiveCfg = Debug|Any CPU
		{0FD228CE-1A21-4BFE-A992-790F1360A7CC}.Debug|Any CPU.Build.0 = Debug|Any CPU
		{0FD228CE-1A21-4BFE-A992-790F1360A7CC}.Release|Any CPU.ActiveCfg = Release|Any CPU
		{0FD228CE-1A21-4BFE-A992-790F1360A7CC}.Release|Any CPU.Build.0 = Release|Any CPU
	EndGlobalSection
	GlobalSection(SolutionProperties) = preSolution
		HideSolutionNode = FALSE
	EndGlobalSection
	GlobalSection(ExtensibilityGlobals) = postSolution
		SolutionGuid = {5959E170-AA4E-421D-A1C8-05F42EBA1AA6}
	EndGlobalSection
EndGlobal
