
Microsoft Visual Studio Solution File, Format Version 12.00
# Visual Studio 15
VisualStudioVersion = 15.0.27703.2035
MinimumVisualStudioVersion = 10.0.40219.1
Project("{FAE04EC0-301F-11D3-BF4B-00C04F79EFBC}") = "MaximumValueBinaryTree", "MaximumValueBinaryTree\MaximumValueBinaryTree.csproj", "{563A3431-4BF3-4248-95E4-9700713A361B}"
EndProject
Global
	GlobalSection(SolutionConfigurationPlatforms) = preSolution
		Debug|Any CPU = Debug|Any CPU
		Release|Any CPU = Release|Any CPU
	EndGlobalSection
	GlobalSection(ProjectConfigurationPlatforms) = postSolution
		{563A3431-4BF3-4248-95E4-9700713A361B}.Debug|Any CPU.ActiveCfg = Debug|Any CPU
		{563A3431-4BF3-4248-95E4-9700713A361B}.Debug|Any CPU.Build.0 = Debug|Any CPU
		{563A3431-4BF3-4248-95E4-9700713A361B}.Release|Any CPU.ActiveCfg = Release|Any CPU
		{563A3431-4BF3-4248-95E4-9700713A361B}.Release|Any CPU.Build.0 = Release|Any CPU
	EndGlobalSection
	GlobalSection(SolutionProperties) = preSolution
		HideSolutionNode = FALSE
	EndGlobalSection
	GlobalSection(ExtensibilityGlobals) = postSolution
		SolutionGuid = {494FA2CC-11A2-4A90-9E66-8AC56DF49C1A}
	EndGlobalSection
EndGlobal
